<?xml version="1.0" encoding="utf-8"?>
<Project ToolsVersion="4.0" xmlns="http://schemas.microsoft.com/developer/msbuild/2003">
  <ItemGroup>
    <Filter Include="Source Files">
      <UniqueIdentifier>{4FC737F1-C7A5-4376-A066-2A32D752A2FF}</UniqueIdentifier>
      <Extensions>cpp;c;cc;cxx;def;odl;idl;hpj;bat;asm;asmx</Extensions>
    </Filter>
    <Filter Include="Header Files">
      <UniqueIdentifier>{93995380-89BD-4b04-88EB-625FBE52EBFB}</UniqueIdentifier>
      <Extensions>h;hh;hpp;hxx;hm;inl;inc;ipp;xsd</Extensions>
    </Filter>
    <Filter Include="Resource Files">
      <UniqueIdentifier>{67DA6AB6-F800-4c08-8B7A-83BB121AAD01}</UniqueIdentifier>
      <Extensions>rc;ico;cur;bmp;dlg;rc2;rct;bin;rgs;gif;jpg;jpeg;jpe;resx;tiff;tif;png;wav;mfcribbon-ms</Extensions>
    </Filter>
    <Filter Include="Memory">
      <UniqueIdentifier>{681c0eef-5e46-40c7-85f2-b74e5fb27ba5}</UniqueIdentifier>
    </Filter>
    <Filter Include="Exports">
      <UniqueIdentifier>{c8305d20-3efe-44e7-926b-dac84ae7ab61}</UniqueIdentifier>
    </Filter>
    <Filter Include="Drawing">
      <UniqueIdentifier>{ca1f7a70-60f3-4dbc-8fff-31e16c9eeab6}</UniqueIdentifier>
    </Filter>
    <Filter Include="LGR">
      <UniqueIdentifier>{0e25c968-2bde-4c12-b843-2d1e3e7ed7e7}</UniqueIdentifier>
    </Filter>
    <Filter Include="Level">
      <UniqueIdentifier>{779501e4-9c39-43af-9655-af6d58ba66fa}</UniqueIdentifier>
    </Filter>
  </ItemGroup>
  <ItemGroup>
    <ClInclude Include="stdafx.h">
      <Filter>Header Files</Filter>
    </ClInclude>
    <ClInclude Include="targetver.h">
      <Filter>Header Files</Filter>
    </ClInclude>
    <ClInclude Include="dllmain.h">
      <Filter>Header Files</Filter>
    </ClInclude>
    <ClInclude Include="ElmaHelperASM.h">
      <Filter>Header Files</Filter>
    </ClInclude>
    <ClInclude Include="Memory.h">
      <Filter>Memory</Filter>
    </ClInclude>
    <ClInclude Include="DllExports.h">
      <Filter>Exports</Filter>
    </ClInclude>
    <ClInclude Include="Draw.h">
      <Filter>Drawing</Filter>
    </ClInclude>
    <ClInclude Include="DrawingObjects.h">
      <Filter>Drawing</Filter>
    </ClInclude>
    <ClInclude Include="DrawInject.h">
      <Filter>Drawing</Filter>
    </ClInclude>
    <ClInclude Include="LGR.h">
      <Filter>LGR</Filter>
    </ClInclude>
    <ClInclude Include="LGRInject.h">
      <Filter>LGR</Filter>
    </ClInclude>
    <ClInclude Include="Level.h">
      <Filter>Level</Filter>
    </ClInclude>
    <ClInclude Include="LevelInject.h">
      <Filter>Level</Filter>
    </ClInclude>
    <ClInclude Include="LevelObjects.h">
      <Filter>Level</Filter>
    </ClInclude>
  </ItemGroup>
  <ItemGroup>
    <ClCompile Include="stdafx.cpp">
      <Filter>Source Files</Filter>
    </ClCompile>
    <ClCompile Include="ElmaHelperASM.cpp">
      <Filter>Source Files</Filter>
    </ClCompile>
    <ClCompile Include="Memory.cpp">
      <Filter>Memory</Filter>
    </ClCompile>
    <ClCompile Include="DllExports.cpp">
      <Filter>Exports</Filter>
    </ClCompile>
    <ClCompile Include="Draw.cpp">
      <Filter>Drawing</Filter>
    </ClCompile>
    <ClCompile Include="DrawingObjects.cpp">
      <Filter>Drawing</Filter>
    </ClCompile>
    <ClCompile Include="DrawInject.cpp">
      <Filter>Drawing</Filter>
    </ClCompile>
    <ClCompile Include="LGR.cpp">
      <Filter>LGR</Filter>
    </ClCompile>
    <ClCompile Include="LGRInject.cpp">
      <Filter>LGR</Filter>
    </ClCompile>
    <ClCompile Include="Level.cpp">
      <Filter>Level</Filter>
    </ClCompile>
    <ClCompile Include="LevelInject.cpp">
      <Filter>Level</Filter>
    </ClCompile>
    <ClCompile Include="LevelObjects.cpp">
      <Filter>Level</Filter>
    </ClCompile>
  </ItemGroup>
</Project>